
Microsoft Visual Studio Solution File, Format Version 11.00
# Visual Studio 2010
Project("{FAE04EC0-301F-11D3-BF4B-00C04F79EFBC}") = "Tank Control", "Tank Control\Tank Control\Tank Control.csproj", "{B2674E0B-79C6-4A2F-8863-88A9F802E4B0}"
EndProject
Project("{FAE04EC0-301F-11D3-BF4B-00C04F79EFBC}") = "Tank ControlContent", "Tank Control\Tank ControlContent\Tank ControlContent.contentproj", "{32DF16EE-54C4-48BA-AA43-D4281CCC4A9F}"
EndProject
Project("{FAE04EC0-301F-11D3-BF4B-00C04F79EFBC}") = "Xbox 360 Copy of Tank Control", "Tank Control\Tank Control\Xbox 360 Copy of Tank Control.csproj", "{8C2B976F-D6B5-41BD-BBE0-21B12727C765}"
EndProject
Global
	GlobalSection(SolutionConfigurationPlatforms) = preSolution
		Debug|Mixed Platforms = Debug|Mixed Platforms
		Debug|x86 = Debug|x86
		Debug|Xbox 360 = Debug|Xbox 360
		Release|Mixed Platforms = Release|Mixed Platforms
		Release|x86 = Release|x86
		Release|Xbox 360 = Release|Xbox 360
	EndGlobalSection
	GlobalSection(ProjectConfigurationPlatforms) = postSolution
		{B2674E0B-79C6-4A2F-8863-88A9F802E4B0}.Debug|Mixed Platforms.ActiveCfg = Debug|x86
		{B2674E0B-79C6-4A2F-8863-88A9F802E4B0}.Debug|Mixed Platforms.Build.0 = Debug|x86
		{B2674E0B-79C6-4A2F-8863-88A9F802E4B0}.Debug|x86.ActiveCfg = Debug|x86
		{B2674E0B-79C6-4A2F-8863-88A9F802E4B0}.Debug|x86.Build.0 = Debug|x86
		{B2674E0B-79C6-4A2F-8863-88A9F802E4B0}.Debug|Xbox 360.ActiveCfg = Debug|x86
		{B2674E0B-79C6-4A2F-8863-88A9F802E4B0}.Debug|Xbox 360.Build.0 = Debug|x86
		{B2674E0B-79C6-4A2F-8863-88A9F802E4B0}.Release|Mixed Platforms.ActiveCfg = Release|x86
		{B2674E0B-79C6-4A2F-8863-88A9F802E4B0}.Release|Mixed Platforms.Build.0 = Release|x86
		{B2674E0B-79C6-4A2F-8863-88A9F802E4B0}.Release|x86.ActiveCfg = Release|x86
		{B2674E0B-79C6-4A2F-8863-88A9F802E4B0}.Release|x86.Build.0 = Release|x86
		{B2674E0B-79C6-4A2F-8863-88A9F802E4B0}.Release|Xbox 360.ActiveCfg = Release|x86
		{B2674E0B-79C6-4A2F-8863-88A9F802E4B0}.Release|Xbox 360.Build.0 = Release|x86
		{32DF16EE-54C4-48BA-AA43-D4281CCC4A9F}.Debug|Mixed Platforms.ActiveCfg = Debug|x86
		{32DF16EE-54C4-48BA-AA43-D4281CCC4A9F}.Debug|x86.ActiveCfg = Debug|x86
		{32DF16EE-54C4-48BA-AA43-D4281CCC4A9F}.Debug|Xbox 360.ActiveCfg = Debug|x86
		{32DF16EE-54C4-48BA-AA43-D4281CCC4A9F}.Release|Mixed Platforms.ActiveCfg = Release|x86
		{32DF16EE-54C4-48BA-AA43-D4281CCC4A9F}.Release|x86.ActiveCfg = Release|x86
		{32DF16EE-54C4-48BA-AA43-D4281CCC4A9F}.Release|Xbox 360.ActiveCfg = Release|x86
		{8C2B976F-D6B5-41BD-BBE0-21B12727C765}.Debug|Mixed Platforms.ActiveCfg = Debug|Xbox 360
		{8C2B976F-D6B5-41BD-BBE0-21B12727C765}.Debug|Mixed Platforms.Build.0 = Debug|Xbox 360
		{8C2B976F-D6B5-41BD-BBE0-21B12727C765}.Debug|Mixed Platforms.Deploy.0 = Debug|Xbox 360
		{8C2B976F-D6B5-41BD-BBE0-21B12727C765}.Debug|x86.ActiveCfg = Debug|Xbox 360
		{8C2B976F-D6B5-41BD-BBE0-21B12727C765}.Debug|Xbox 360.ActiveCfg = Debug|Xbox 360
		{8C2B976F-D6B5-41BD-BBE0-21B12727C765}.Debug|Xbox 360.Build.0 = Debug|Xbox 360
		{8C2B976F-D6B5-41BD-BBE0-21B12727C765}.Debug|Xbox 360.Deploy.0 = Debug|Xbox 360
		{8C2B976F-D6B5-41BD-BBE0-21B12727C765}.Release|Mixed Platforms.ActiveCfg = Release|Xbox 360
		{8C2B976F-D6B5-41BD-BBE0-21B12727C765}.Release|Mixed Platforms.Build.0 = Release|Xbox 360
		{8C2B976F-D6B5-41BD-BBE0-21B12727C765}.Release|Mixed Platforms.Deploy.0 = Release|Xbox 360
		{8C2B976F-D6B5-41BD-BBE0-21B12727C765}.Release|x86.ActiveCfg = Release|Xbox 360
		{8C2B976F-D6B5-41BD-BBE0-21B12727C765}.Release|Xbox 360.ActiveCfg = Release|Xbox 360
		{8C2B976F-D6B5-41BD-BBE0-21B12727C765}.Release|Xbox 360.Build.0 = Release|Xbox 360
		{8C2B976F-D6B5-41BD-BBE0-21B12727C765}.Release|Xbox 360.Deploy.0 = Release|Xbox 360
	EndGlobalSection
	GlobalSection(SolutionProperties) = preSolution
		HideSolutionNode = FALSE
	EndGlobalSection
EndGlobal
